// !$*UTF8*$!
{
	archiveVersion = 1;
	classes = {
	};
	objectVersion = 77;
	objects = {

/* Begin PBXBuildFile section */
		530215872DD78B60007F9E0B /* CustomerListVM.swift in Sources */ = {isa = PBXBuildFile; fileRef = 530215862DD78B60007F9E0B /* CustomerListVM.swift */; };
		5302158B2DD78BC6007F9E0B /* BusinessStatsVM .swift in Sources */ = {isa = PBXBuildFile; fileRef = 5302158A2DD78BC6007F9E0B /* BusinessStatsVM .swift */; };
		530215902DD7AEBB007F9E0B /* ExpenseModel.swift in Sources */ = {isa = PBXBuildFile; fileRef = 5302158F2DD7AEBB007F9E0B /* ExpenseModel.swift */; };
		530215922DD7AF83007F9E0B /* ExpenseVM.swift in Sources */ = {isa = PBXBuildFile; fileRef = 530215912DD7AF83007F9E0B /* ExpenseVM.swift */; };
		530215982DD86F4E007F9E0B /* QuoteModel.swift in Sources */ = {isa = PBXBuildFile; fileRef = 530215972DD86F4E007F9E0B /* QuoteModel.swift */; };
		532EB8642E41FC5E008FE712 /* FileStorageManager.swift in Sources */ = {isa = PBXBuildFile; fileRef = 532EB8632E41FC5E008FE712 /* FileStorageManager.swift */; };
		532F96992DD9098A000EEAFF /* QuoteVM.swift in Sources */ = {isa = PBXBuildFile; fileRef = 532F96982DD9098A000EEAFF /* QuoteVM.swift */; };
		5331553E2E60C8AC00E5F93B /* DateExtension.swift in Sources */ = {isa = PBXBuildFile; fileRef = 5331553D2E60C8AC00E5F93B /* DateExtension.swift */; };
		53318F9A2DFA082C0046B0F0 /* InvoiceVM.swift in Sources */ = {isa = PBXBuildFile; fileRef = 53318F992DFA082C0046B0F0 /* InvoiceVM.swift */; };
		538A03C62E0F04960001FACC /* LandscapeQV.swift in Sources */ = {isa = PBXBuildFile; fileRef = 538A03C52E0F04960001FACC /* LandscapeQV.swift */; };
		538A03C82E0F04C40001FACC /* PressureWashQV.swift in Sources */ = {isa = PBXBuildFile; fileRef = 538A03C72E0F04C40001FACC /* PressureWashQV.swift */; };
		538A03CB2E0F06B60001FACC /* ConsultingQV.swift in Sources */ = {isa = PBXBuildFile; fileRef = 538A03CA2E0F06B60001FACC /* ConsultingQV.swift */; };
		538A03CD2E1122200001FACC /* CustomerListStorageManaging.swift in Sources */ = {isa = PBXBuildFile; fileRef = 538A03CC2E1122200001FACC /* CustomerListStorageManaging.swift */; };
		538A03CF2E1196B20001FACC /* AddCustomerView.swift in Sources */ = {isa = PBXBuildFile; fileRef = 538A03CE2E1196B20001FACC /* AddCustomerView.swift */; };
		53B0E37C2DFA615A009C29A9 /* CustomerFormVM.swift in Sources */ = {isa = PBXBuildFile; fileRef = 53B0E37B2DFA615A009C29A9 /* CustomerFormVM.swift */; };
		53B0E37E2DFC1CD5009C29A9 /* StatButtonView.swift in Sources */ = {isa = PBXBuildFile; fileRef = 53B0E37D2DFC1CD5009C29A9 /* StatButtonView.swift */; };
		53B0E3802DFC97F4009C29A9 /* UserModel.swift in Sources */ = {isa = PBXBuildFile; fileRef = 53B0E37F2DFC97F4009C29A9 /* UserModel.swift */; };
		53B0E3822DFC9A50009C29A9 /* UserVM.swift in Sources */ = {isa = PBXBuildFile; fileRef = 53B0E3812DFC9A50009C29A9 /* UserVM.swift */; };
		53B0E3842DFC9D50009C29A9 /* UserView.swift in Sources */ = {isa = PBXBuildFile; fileRef = 53B0E3832DFC9D50009C29A9 /* UserView.swift */; };
		53B0E3862DFCA8E0009C29A9 /* ActiveUserSheet.swift in Sources */ = {isa = PBXBuildFile; fileRef = 53B0E3852DFCA8E0009C29A9 /* ActiveUserSheet.swift */; };
		53B0E3882DFDE3E6009C29A9 /* StatBubbleStyle.swift in Sources */ = {isa = PBXBuildFile; fileRef = 53B0E3872DFDE3E6009C29A9 /* StatBubbleStyle.swift */; };
		53B0E38A2DFDE47E009C29A9 /* CustomFormView.swift in Sources */ = {isa = PBXBuildFile; fileRef = 53B0E3892DFDE47E009C29A9 /* CustomFormView.swift */; };
		53B448F62E41C43D008BFA86 /* SaveCustomer.swift in Sources */ = {isa = PBXBuildFile; fileRef = 53B448F52E41C43D008BFA86 /* SaveCustomer.swift */; };
		53B8CB4C2E56AEE500DC5701 /* SaveError.swift in Sources */ = {isa = PBXBuildFile; fileRef = 53B8CB4B2E56AEE500DC5701 /* SaveError.swift */; };
		53B8CB4E2E56D9FE00DC5701 /* LazyView.swift in Sources */ = {isa = PBXBuildFile; fileRef = 53B8CB4D2E56D9FE00DC5701 /* LazyView.swift */; };
		53B8CB502E59A92700DC5701 /* BindingExtension .swift in Sources */ = {isa = PBXBuildFile; fileRef = 53B8CB4F2E59A92700DC5701 /* BindingExtension .swift */; };
		53BAE3EE2DF353A300862427 /* BusinessStatsView.swift in Sources */ = {isa = PBXBuildFile; fileRef = 53BAE3ED2DF353A300862427 /* BusinessStatsView.swift */; };
		53BAE3F02DF353B700862427 /* CustomerListView.swift in Sources */ = {isa = PBXBuildFile; fileRef = 53BAE3EF2DF353B700862427 /* CustomerListView.swift */; };
		53BAE3F22DF353C400862427 /* ExpenseView.swift in Sources */ = {isa = PBXBuildFile; fileRef = 53BAE3F12DF353C400862427 /* ExpenseView.swift */; };
		53BAE3FF2DF3554000862427 /* QuoteView.swift in Sources */ = {isa = PBXBuildFile; fileRef = 53BAE3FE2DF3554000862427 /* QuoteView.swift */; };
		53BAE4012DF356DF00862427 /* MainTabView.swift in Sources */ = {isa = PBXBuildFile; fileRef = 53BAE4002DF356DF00862427 /* MainTabView.swift */; };
		53BAE4032DF357D100862427 /* StatsSummaryView.swift in Sources */ = {isa = PBXBuildFile; fileRef = 53BAE4022DF357D100862427 /* StatsSummaryView.swift */; };
		53BAE4062DF3581900862427 /* CustomerSelector.swift in Sources */ = {isa = PBXBuildFile; fileRef = 53BAE4052DF3581900862427 /* CustomerSelector.swift */; };
		53BAE4082DF3582500862427 /* CustomerDetailView.swift in Sources */ = {isa = PBXBuildFile; fileRef = 53BAE4072DF3582500862427 /* CustomerDetailView.swift */; };
		53BAE40E2DF3588600862427 /* BubbleCapsuleStyle.swift in Sources */ = {isa = PBXBuildFile; fileRef = 53BAE40D2DF3588600862427 /* BubbleCapsuleStyle.swift */; };
		53BAE4102DF358A700862427 /* ExpenseItemView.swift in Sources */ = {isa = PBXBuildFile; fileRef = 53BAE40F2DF358A700862427 /* ExpenseItemView.swift */; };
		53BAE4142DF358CA00862427 /* QuoteFinalizeView.swift in Sources */ = {isa = PBXBuildFile; fileRef = 53BAE4132DF358CA00862427 /* QuoteFinalizeView.swift */; };
		53BAE4162DF358DE00862427 /* MaterialListView.swift in Sources */ = {isa = PBXBuildFile; fileRef = 53BAE4152DF358DE00862427 /* MaterialListView.swift */; };
		53BAE4182DF358EE00862427 /* SaveButton.swift in Sources */ = {isa = PBXBuildFile; fileRef = 53BAE4172DF358EE00862427 /* SaveButton.swift */; };
		53BAE41D2DF3594500862427 /* InvoiceRow.swift in Sources */ = {isa = PBXBuildFile; fileRef = 53BAE41C2DF3594500862427 /* InvoiceRow.swift */; };
		53BAE41F2DF3595800862427 /* InvoiceSummaryView.swift in Sources */ = {isa = PBXBuildFile; fileRef = 53BAE41E2DF3595800862427 /* InvoiceSummaryView.swift */; };
		53BAE4222DF35A9B00862427 /* ExpenseRow.swift in Sources */ = {isa = PBXBuildFile; fileRef = 53BAE4212DF35A9B00862427 /* ExpenseRow.swift */; };
		53BDAF912E183ACE0075C756 /* CustomMultiForm.swift in Sources */ = {isa = PBXBuildFile; fileRef = 53BDAF902E183ACE0075C756 /* CustomMultiForm.swift */; };
		53BF84872DE3746E0042A983 /* InventoryItemModel.swift in Sources */ = {isa = PBXBuildFile; fileRef = 53BF84862DE3746E0042A983 /* InventoryItemModel.swift */; };
		53BF84892DE3789F0042A983 /* InvoiceModel.swift in Sources */ = {isa = PBXBuildFile; fileRef = 53BF84882DE3789F0042A983 /* InvoiceModel.swift */; };
		53D1A24D2DC7DCB900E7A675 /* BasicBusinessApp.swift in Sources */ = {isa = PBXBuildFile; fileRef = 53D1A24A2DC7DCB900E7A675 /* BasicBusinessApp.swift */; };
		53D1A24E2DC7DCB900E7A675 /* Assets.xcassets in Resources */ = {isa = PBXBuildFile; fileRef = 53D1A2482DC7DCB900E7A675 /* Assets.xcassets */; };
		53D1A2512DC7DCBE00E7A675 /* BasicBusinessTests.swift in Sources */ = {isa = PBXBuildFile; fileRef = 53D1A24F2DC7DCBE00E7A675 /* BasicBusinessTests.swift */; };
		53D1A2552DC7DCC200E7A675 /* BasicBusinessUITests.swift in Sources */ = {isa = PBXBuildFile; fileRef = 53D1A2522DC7DCC200E7A675 /* BasicBusinessUITests.swift */; };
		53D1A2562DC7DCC200E7A675 /* BasicBusinessUITestsLaunchTests.swift in Sources */ = {isa = PBXBuildFile; fileRef = 53D1A2532DC7DCC200E7A675 /* BasicBusinessUITestsLaunchTests.swift */; };
		53D1A2892DCABB7E00E7A675 /* CustomerModel.swift in Sources */ = {isa = PBXBuildFile; fileRef = 53D1A2882DCABB7E00E7A675 /* CustomerModel.swift */; };
		53D1A28D2DCABFEF00E7A675 /* ThemeColors.swift in Sources */ = {isa = PBXBuildFile; fileRef = 53D1A28C2DCABFEF00E7A675 /* ThemeColors.swift */; };
		53D1A2942DCE60A200E7A675 /* ToolBarTitle.swift in Sources */ = {isa = PBXBuildFile; fileRef = 53D1A2932DCE60A200E7A675 /* ToolBarTitle.swift */; };
		53D1A2962DCE658800E7A675 /* CustomSectionView.swift in Sources */ = {isa = PBXBuildFile; fileRef = 53D1A2952DCE658800E7A675 /* CustomSectionView.swift */; };
		53D7F24D2DDE66FB00579741 /* HVACQM.swift in Sources */ = {isa = PBXBuildFile; fileRef = 53D7F24C2DDE66FB00579741 /* HVACQM.swift */; };
		53D7F24F2DDE758200579741 /* ProductSalesQM.swift in Sources */ = {isa = PBXBuildFile; fileRef = 53D7F24E2DDE758200579741 /* ProductSalesQM.swift */; };
		53D7F2512DDEB66D00579741 /* MaterialVM.swift in Sources */ = {isa = PBXBuildFile; fileRef = 53D7F2502DDEB66D00579741 /* MaterialVM.swift */; };
		53D7F2552DDEE17600579741 /* MaterialExpenseQM.swift in Sources */ = {isa = PBXBuildFile; fileRef = 53D7F2542DDEE17600579741 /* MaterialExpenseQM.swift */; };
		53E5A9E82DDC24C500B66821 /* MaterialModel.swift in Sources */ = {isa = PBXBuildFile; fileRef = 53E5A9E72DDC24C500B66821 /* MaterialModel.swift */; };
		53E5A9EB2DDC61AF00B66821 /* LandscapeQM.swift in Sources */ = {isa = PBXBuildFile; fileRef = 53E5A9EA2DDC61AF00B66821 /* LandscapeQM.swift */; };
		53E5A9ED2DDC61C500B66821 /* PressureWashQM.swift in Sources */ = {isa = PBXBuildFile; fileRef = 53E5A9EC2DDC61C500B66821 /* PressureWashQM.swift */; };
		53E5A9EF2DDC61DB00B66821 /* HandymanQM.swift in Sources */ = {isa = PBXBuildFile; fileRef = 53E5A9EE2DDC61DB00B66821 /* HandymanQM.swift */; };
		53E5A9F12DDC61E600B66821 /* ConsultingQM.swift in Sources */ = {isa = PBXBuildFile; fileRef = 53E5A9F02DDC61E600B66821 /* ConsultingQM.swift */; };
		53EE9BAB2E15DE86008F3041 /* IfExtension.swift in Sources */ = {isa = PBXBuildFile; fileRef = 53EE9BAA2E15DE86008F3041 /* IfExtension.swift */; };
		53EE9BAD2E15EC12008F3041 /* HideKeyboardOnTap.swift in Sources */ = {isa = PBXBuildFile; fileRef = 53EE9BAC2E15EC12008F3041 /* HideKeyboardOnTap.swift */; };
		53EE9BAF2E160BF1008F3041 /* CustomButtonBG.swift in Sources */ = {isa = PBXBuildFile; fileRef = 53EE9BAE2E160BF1008F3041 /* CustomButtonBG.swift */; };
		53EE9BB12E161A9C008F3041 /* StatButtonBG.swift in Sources */ = {isa = PBXBuildFile; fileRef = 53EE9BB02E161A9C008F3041 /* StatButtonBG.swift */; };
		53FA99222DE8CCC700EBA5C8 /* ProductSalesVM.swift in Sources */ = {isa = PBXBuildFile; fileRef = 53FA99212DE8CCC700EBA5C8 /* ProductSalesVM.swift */; };
/* End PBXBuildFile section */

/* Begin PBXContainerItemProxy section */
		53D1A22C2DC7DC9300E7A675 /* PBXContainerItemProxy */ = {
			isa = PBXContainerItemProxy;
			containerPortal = 53D1A2162DC7DC9200E7A675 /* Project object */;
			proxyType = 1;
			remoteGlobalIDString = 53D1A21D2DC7DC9200E7A675;
			remoteInfo = LawnPro;
		};
		53D1A2362DC7DC9300E7A675 /* PBXContainerItemProxy */ = {
			isa = PBXContainerItemProxy;
			containerPortal = 53D1A2162DC7DC9200E7A675 /* Project object */;
			proxyType = 1;
			remoteGlobalIDString = 53D1A21D2DC7DC9200E7A675;
			remoteInfo = LawnPro;
		};
/* End PBXContainerItemProxy section */

/* Begin PBXFileReference section */
		530215862DD78B60007F9E0B /* CustomerListVM.swift */ = {isa = PBXFileReference; lastKnownFileType = sourcecode.swift; path = CustomerListVM.swift; sourceTree = "<group>"; };
		5302158A2DD78BC6007F9E0B /* BusinessStatsVM .swift */ = {isa = PBXFileReference; lastKnownFileType = sourcecode.swift; path = "BusinessStatsVM .swift"; sourceTree = "<group>"; };
		5302158F2DD7AEBB007F9E0B /* ExpenseModel.swift */ = {isa = PBXFileReference; lastKnownFileType = sourcecode.swift; path = ExpenseModel.swift; sourceTree = "<group>"; };
		530215912DD7AF83007F9E0B /* ExpenseVM.swift */ = {isa = PBXFileReference; lastKnownFileType = sourcecode.swift; path = ExpenseVM.swift; sourceTree = "<group>"; };
		530215972DD86F4E007F9E0B /* QuoteModel.swift */ = {isa = PBXFileReference; lastKnownFileType = sourcecode.swift; path = QuoteModel.swift; sourceTree = "<group>"; };
		532EB8632E41FC5E008FE712 /* FileStorageManager.swift */ = {isa = PBXFileReference; lastKnownFileType = sourcecode.swift; path = FileStorageManager.swift; sourceTree = "<group>"; };
		532F96982DD9098A000EEAFF /* QuoteVM.swift */ = {isa = PBXFileReference; lastKnownFileType = sourcecode.swift; path = QuoteVM.swift; sourceTree = "<group>"; };
		5331553D2E60C8AC00E5F93B /* DateExtension.swift */ = {isa = PBXFileReference; lastKnownFileType = sourcecode.swift; path = DateExtension.swift; sourceTree = "<group>"; };
		53318F992DFA082C0046B0F0 /* InvoiceVM.swift */ = {isa = PBXFileReference; lastKnownFileType = sourcecode.swift; path = InvoiceVM.swift; sourceTree = "<group>"; };
		538A03C52E0F04960001FACC /* LandscapeQV.swift */ = {isa = PBXFileReference; lastKnownFileType = sourcecode.swift; path = LandscapeQV.swift; sourceTree = "<group>"; };
		538A03C72E0F04C40001FACC /* PressureWashQV.swift */ = {isa = PBXFileReference; lastKnownFileType = sourcecode.swift; path = PressureWashQV.swift; sourceTree = "<group>"; };
		538A03CA2E0F06B60001FACC /* ConsultingQV.swift */ = {isa = PBXFileReference; lastKnownFileType = sourcecode.swift; path = ConsultingQV.swift; sourceTree = "<group>"; };
		538A03CC2E1122200001FACC /* CustomerListStorageManaging.swift */ = {isa = PBXFileReference; lastKnownFileType = sourcecode.swift; path = CustomerListStorageManaging.swift; sourceTree = "<group>"; };
		538A03CE2E1196B20001FACC /* AddCustomerView.swift */ = {isa = PBXFileReference; lastKnownFileType = sourcecode.swift; path = AddCustomerView.swift; sourceTree = "<group>"; };
		53B0E37B2DFA615A009C29A9 /* CustomerFormVM.swift */ = {isa = PBXFileReference; lastKnownFileType = sourcecode.swift; path = CustomerFormVM.swift; sourceTree = "<group>"; };
		53B0E37D2DFC1CD5009C29A9 /* StatButtonView.swift */ = {isa = PBXFileReference; lastKnownFileType = sourcecode.swift; path = StatButtonView.swift; sourceTree = "<group>"; };
		53B0E37F2DFC97F4009C29A9 /* UserModel.swift */ = {isa = PBXFileReference; lastKnownFileType = sourcecode.swift; path = UserModel.swift; sourceTree = "<group>"; };
		53B0E3812DFC9A50009C29A9 /* UserVM.swift */ = {isa = PBXFileReference; lastKnownFileType = sourcecode.swift; path = UserVM.swift; sourceTree = "<group>"; };
		53B0E3832DFC9D50009C29A9 /* UserView.swift */ = {isa = PBXFileReference; lastKnownFileType = sourcecode.swift; path = UserView.swift; sourceTree = "<group>"; };
		53B0E3852DFCA8E0009C29A9 /* ActiveUserSheet.swift */ = {isa = PBXFileReference; lastKnownFileType = sourcecode.swift; path = ActiveUserSheet.swift; sourceTree = "<group>"; };
		53B0E3872DFDE3E6009C29A9 /* StatBubbleStyle.swift */ = {isa = PBXFileReference; lastKnownFileType = sourcecode.swift; path = StatBubbleStyle.swift; sourceTree = "<group>"; };
		53B0E3892DFDE47E009C29A9 /* CustomFormView.swift */ = {isa = PBXFileReference; lastKnownFileType = sourcecode.swift; path = CustomFormView.swift; sourceTree = "<group>"; };
		53B448F52E41C43D008BFA86 /* SaveCustomer.swift */ = {isa = PBXFileReference; lastKnownFileType = sourcecode.swift; path = SaveCustomer.swift; sourceTree = "<group>"; };
		53B8CB4B2E56AEE500DC5701 /* SaveError.swift */ = {isa = PBXFileReference; lastKnownFileType = sourcecode.swift; path = SaveError.swift; sourceTree = "<group>"; };
		53B8CB4D2E56D9FE00DC5701 /* LazyView.swift */ = {isa = PBXFileReference; lastKnownFileType = sourcecode.swift; path = LazyView.swift; sourceTree = "<group>"; };
		53B8CB4F2E59A92700DC5701 /* BindingExtension .swift */ = {isa = PBXFileReference; lastKnownFileType = sourcecode.swift; path = "BindingExtension .swift"; sourceTree = "<group>"; };
		53BAE3ED2DF353A300862427 /* BusinessStatsView.swift */ = {isa = PBXFileReference; lastKnownFileType = sourcecode.swift; path = BusinessStatsView.swift; sourceTree = "<group>"; };
		53BAE3EF2DF353B700862427 /* CustomerListView.swift */ = {isa = PBXFileReference; lastKnownFileType = sourcecode.swift; path = CustomerListView.swift; sourceTree = "<group>"; };
		53BAE3F12DF353C400862427 /* ExpenseView.swift */ = {isa = PBXFileReference; lastKnownFileType = sourcecode.swift; path = ExpenseView.swift; sourceTree = "<group>"; };
		53BAE3FE2DF3554000862427 /* QuoteView.swift */ = {isa = PBXFileReference; lastKnownFileType = sourcecode.swift; path = QuoteView.swift; sourceTree = "<group>"; };
		53BAE4002DF356DF00862427 /* MainTabView.swift */ = {isa = PBXFileReference; lastKnownFileType = sourcecode.swift; path = MainTabView.swift; sourceTree = "<group>"; };
		53BAE4022DF357D100862427 /* StatsSummaryView.swift */ = {isa = PBXFileReference; lastKnownFileType = sourcecode.swift; path = StatsSummaryView.swift; sourceTree = "<group>"; };
		53BAE4052DF3581900862427 /* CustomerSelector.swift */ = {isa = PBXFileReference; lastKnownFileType = sourcecode.swift; path = CustomerSelector.swift; sourceTree = "<group>"; };
		53BAE4072DF3582500862427 /* CustomerDetailView.swift */ = {isa = PBXFileReference; lastKnownFileType = sourcecode.swift; path = CustomerDetailView.swift; sourceTree = "<group>"; };
		53BAE40D2DF3588600862427 /* BubbleCapsuleStyle.swift */ = {isa = PBXFileReference; lastKnownFileType = sourcecode.swift; path = BubbleCapsuleStyle.swift; sourceTree = "<group>"; };
		53BAE40F2DF358A700862427 /* ExpenseItemView.swift */ = {isa = PBXFileReference; lastKnownFileType = sourcecode.swift; path = ExpenseItemView.swift; sourceTree = "<group>"; };
		53BAE4132DF358CA00862427 /* QuoteFinalizeView.swift */ = {isa = PBXFileReference; lastKnownFileType = sourcecode.swift; path = QuoteFinalizeView.swift; sourceTree = "<group>"; };
		53BAE4152DF358DE00862427 /* MaterialListView.swift */ = {isa = PBXFileReference; lastKnownFileType = sourcecode.swift; path = MaterialListView.swift; sourceTree = "<group>"; };
		53BAE4172DF358EE00862427 /* SaveButton.swift */ = {isa = PBXFileReference; lastKnownFileType = sourcecode.swift; path = SaveButton.swift; sourceTree = "<group>"; };
		53BAE41C2DF3594500862427 /* InvoiceRow.swift */ = {isa = PBXFileReference; lastKnownFileType = sourcecode.swift; path = InvoiceRow.swift; sourceTree = "<group>"; };
		53BAE41E2DF3595800862427 /* InvoiceSummaryView.swift */ = {isa = PBXFileReference; lastKnownFileType = sourcecode.swift; path = InvoiceSummaryView.swift; sourceTree = "<group>"; };
		53BAE4212DF35A9B00862427 /* ExpenseRow.swift */ = {isa = PBXFileReference; lastKnownFileType = sourcecode.swift; path = ExpenseRow.swift; sourceTree = "<group>"; };
		53BDAF902E183ACE0075C756 /* CustomMultiForm.swift */ = {isa = PBXFileReference; lastKnownFileType = sourcecode.swift; path = CustomMultiForm.swift; sourceTree = "<group>"; };
		53BF84862DE3746E0042A983 /* InventoryItemModel.swift */ = {isa = PBXFileReference; lastKnownFileType = sourcecode.swift; path = InventoryItemModel.swift; sourceTree = "<group>"; };
		53BF84882DE3789F0042A983 /* InvoiceModel.swift */ = {isa = PBXFileReference; lastKnownFileType = sourcecode.swift; path = InvoiceModel.swift; sourceTree = "<group>"; };
		53D1A21E2DC7DC9200E7A675 /* BasicBusiness.app */ = {isa = PBXFileReference; explicitFileType = wrapper.application; includeInIndex = 0; path = BasicBusiness.app; sourceTree = BUILT_PRODUCTS_DIR; };
		53D1A22B2DC7DC9300E7A675 /* BasicBusinessTests.xctest */ = {isa = PBXFileReference; explicitFileType = wrapper.cfbundle; includeInIndex = 0; path = BasicBusinessTests.xctest; sourceTree = BUILT_PRODUCTS_DIR; };
		53D1A2352DC7DC9300E7A675 /* BasicBusinessUITests.xctest */ = {isa = PBXFileReference; explicitFileType = wrapper.cfbundle; includeInIndex = 0; path = BasicBusinessUITests.xctest; sourceTree = BUILT_PRODUCTS_DIR; };
		53D1A2482DC7DCB900E7A675 /* Assets.xcassets */ = {isa = PBXFileReference; lastKnownFileType = folder.assetcatalog; path = Assets.xcassets; sourceTree = "<group>"; };
		53D1A24A2DC7DCB900E7A675 /* BasicBusinessApp.swift */ = {isa = PBXFileReference; lastKnownFileType = sourcecode.swift; path = BasicBusinessApp.swift; sourceTree = "<group>"; };
		53D1A24F2DC7DCBE00E7A675 /* BasicBusinessTests.swift */ = {isa = PBXFileReference; lastKnownFileType = sourcecode.swift; path = BasicBusinessTests.swift; sourceTree = "<group>"; };
		53D1A2522DC7DCC200E7A675 /* BasicBusinessUITests.swift */ = {isa = PBXFileReference; lastKnownFileType = sourcecode.swift; path = BasicBusinessUITests.swift; sourceTree = "<group>"; };
		53D1A2532DC7DCC200E7A675 /* BasicBusinessUITestsLaunchTests.swift */ = {isa = PBXFileReference; lastKnownFileType = sourcecode.swift; path = BasicBusinessUITestsLaunchTests.swift; sourceTree = "<group>"; };
		53D1A2882DCABB7E00E7A675 /* CustomerModel.swift */ = {isa = PBXFileReference; lastKnownFileType = sourcecode.swift; path = CustomerModel.swift; sourceTree = "<group>"; };
		53D1A28C2DCABFEF00E7A675 /* ThemeColors.swift */ = {isa = PBXFileReference; lastKnownFileType = sourcecode.swift; path = ThemeColors.swift; sourceTree = "<group>"; };
		53D1A2932DCE60A200E7A675 /* ToolBarTitle.swift */ = {isa = PBXFileReference; lastKnownFileType = sourcecode.swift; path = ToolBarTitle.swift; sourceTree = "<group>"; };
		53D1A2952DCE658800E7A675 /* CustomSectionView.swift */ = {isa = PBXFileReference; lastKnownFileType = sourcecode.swift; path = CustomSectionView.swift; sourceTree = "<group>"; };
		53D7F24C2DDE66FB00579741 /* HVACQM.swift */ = {isa = PBXFileReference; lastKnownFileType = sourcecode.swift; path = HVACQM.swift; sourceTree = "<group>"; };
		53D7F24E2DDE758200579741 /* ProductSalesQM.swift */ = {isa = PBXFileReference; lastKnownFileType = sourcecode.swift; path = ProductSalesQM.swift; sourceTree = "<group>"; };
		53D7F2502DDEB66D00579741 /* MaterialVM.swift */ = {isa = PBXFileReference; lastKnownFileType = sourcecode.swift; path = MaterialVM.swift; sourceTree = "<group>"; };
		53D7F2542DDEE17600579741 /* MaterialExpenseQM.swift */ = {isa = PBXFileReference; lastKnownFileType = sourcecode.swift; path = MaterialExpenseQM.swift; sourceTree = "<group>"; };
		53E5A9E72DDC24C500B66821 /* MaterialModel.swift */ = {isa = PBXFileReference; lastKnownFileType = sourcecode.swift; path = MaterialModel.swift; sourceTree = "<group>"; };
		53E5A9EA2DDC61AF00B66821 /* LandscapeQM.swift */ = {isa = PBXFileReference; lastKnownFileType = sourcecode.swift; path = LandscapeQM.swift; sourceTree = "<group>"; };
		53E5A9EC2DDC61C500B66821 /* PressureWashQM.swift */ = {isa = PBXFileReference; lastKnownFileType = sourcecode.swift; path = PressureWashQM.swift; sourceTree = "<group>"; };
		53E5A9EE2DDC61DB00B66821 /* HandymanQM.swift */ = {isa = PBXFileReference; lastKnownFileType = sourcecode.swift; path = HandymanQM.swift; sourceTree = "<group>"; };
		53E5A9F02DDC61E600B66821 /* ConsultingQM.swift */ = {isa = PBXFileReference; lastKnownFileType = sourcecode.swift; path = ConsultingQM.swift; sourceTree = "<group>"; };
		53EE9BAA2E15DE86008F3041 /* IfExtension.swift */ = {isa = PBXFileReference; lastKnownFileType = sourcecode.swift; path = IfExtension.swift; sourceTree = "<group>"; };
		53EE9BAC2E15EC12008F3041 /* HideKeyboardOnTap.swift */ = {isa = PBXFileReference; lastKnownFileType = sourcecode.swift; path = HideKeyboardOnTap.swift; sourceTree = "<group>"; };
		53EE9BAE2E160BF1008F3041 /* CustomButtonBG.swift */ = {isa = PBXFileReference; lastKnownFileType = sourcecode.swift; path = CustomButtonBG.swift; sourceTree = "<group>"; };
		53EE9BB02E161A9C008F3041 /* StatButtonBG.swift */ = {isa = PBXFileReference; lastKnownFileType = sourcecode.swift; path = StatButtonBG.swift; sourceTree = "<group>"; };
		53FA99212DE8CCC700EBA5C8 /* ProductSalesVM.swift */ = {isa = PBXFileReference; lastKnownFileType = sourcecode.swift; path = ProductSalesVM.swift; sourceTree = "<group>"; };
/* End PBXFileReference section */

/* Begin PBXFrameworksBuildPhase section */
		53D1A21B2DC7DC9200E7A675 /* Frameworks */ = {
			isa = PBXFrameworksBuildPhase;
			buildActionMask = 2147483647;
			files = (
			);
			runOnlyForDeploymentPostprocessing = 0;
		};
		53D1A2282DC7DC9300E7A675 /* Frameworks */ = {
			isa = PBXFrameworksBuildPhase;
			buildActionMask = 2147483647;
			files = (
			);
			runOnlyForDeploymentPostprocessing = 0;
		};
		53D1A2322DC7DC9300E7A675 /* Frameworks */ = {
			isa = PBXFrameworksBuildPhase;
			buildActionMask = 2147483647;
			files = (
			);
			runOnlyForDeploymentPostprocessing = 0;
		};
/* End PBXFrameworksBuildPhase section */

/* Begin PBXGroup section */
		530215852DD78AB8007F9E0B /* BBViewModels */ = {
			isa = PBXGroup;
			children = (
				53B0E37B2DFA615A009C29A9 /* CustomerFormVM.swift */,
				530215862DD78B60007F9E0B /* CustomerListVM.swift */,
				530215912DD7AF83007F9E0B /* ExpenseVM.swift */,
				53FA99212DE8CCC700EBA5C8 /* ProductSalesVM.swift */,
				53D7F2502DDEB66D00579741 /* MaterialVM.swift */,
				53318F992DFA082C0046B0F0 /* InvoiceVM.swift */,
				5302158A2DD78BC6007F9E0B /* BusinessStatsVM .swift */,
				532F96982DD9098A000EEAFF /* QuoteVM.swift */,
			);
			path = BBViewModels;
			sourceTree = "<group>";
		};
		53B448F42E41C3F9008BFA86 /* Interactors */ = {
			isa = PBXGroup;
			children = (
				53B448F52E41C43D008BFA86 /* SaveCustomer.swift */,
			);
			path = Interactors;
			sourceTree = "<group>";
		};
		53BAC1672E56AB67001E3D9A /* Validation */ = {
			isa = PBXGroup;
			children = (
				53B8CB4B2E56AEE500DC5701 /* SaveError.swift */,
			);
			path = Validation;
			sourceTree = "<group>";
		};
		53BAE3EC2DF3537900862427 /* Screens */ = {
			isa = PBXGroup;
			children = (
				53B0E3832DFC9D50009C29A9 /* UserView.swift */,
				53BAE4002DF356DF00862427 /* MainTabView.swift */,
				53BAE3ED2DF353A300862427 /* BusinessStatsView.swift */,
				53BAE3EF2DF353B700862427 /* CustomerListView.swift */,
				53BAE3FE2DF3554000862427 /* QuoteView.swift */,
				53BAE3F12DF353C400862427 /* ExpenseView.swift */,
				53BAE4152DF358DE00862427 /* MaterialListView.swift */,
			);
			path = Screens;
			sourceTree = "<group>";
		};
		53BAE3F32DF353CD00862427 /* SubViews */ = {
			isa = PBXGroup;
			children = (
				53BAE3FC2DF354F400862427 /* BusinessStatsSubViews */,
				53BAE3F92DF3545500862427 /* CustomerSubViews */,
				53BAE3F82DF3543C00862427 /* QuoteSubViews */,
				53BAE4192DF3590E00862427 /* InvoiceSubViews */,
				53BAE4042DF357F700862427 /* ExpenseSubViews */,
				53BAE4232DF35AAC00862427 /* Components */,
				53BAC1672E56AB67001E3D9A /* Validation */,
				53BAE3FB2DF354B800862427 /* Modifiers */,
			);
			path = SubViews;
			sourceTree = "<group>";
		};
		53BAE3F82DF3543C00862427 /* QuoteSubViews */ = {
			isa = PBXGroup;
			children = (
				53BAE4132DF358CA00862427 /* QuoteFinalizeView.swift */,
				538A03C52E0F04960001FACC /* LandscapeQV.swift */,
				538A03C72E0F04C40001FACC /* PressureWashQV.swift */,
				538A03CA2E0F06B60001FACC /* ConsultingQV.swift */,
			);
			path = QuoteSubViews;
			sourceTree = "<group>";
		};
		53BAE3F92DF3545500862427 /* CustomerSubViews */ = {
			isa = PBXGroup;
			children = (
				53BAE4072DF3582500862427 /* CustomerDetailView.swift */,
				538A03CE2E1196B20001FACC /* AddCustomerView.swift */,
				53BAE4052DF3581900862427 /* CustomerSelector.swift */,
			);
			path = CustomerSubViews;
			sourceTree = "<group>";
		};
		53BAE3FA2DF3547400862427 /* Buttons */ = {
			isa = PBXGroup;
			children = (
				53BAE4172DF358EE00862427 /* SaveButton.swift */,
				53B0E37D2DFC1CD5009C29A9 /* StatButtonView.swift */,
				53EE9BB02E161A9C008F3041 /* StatButtonBG.swift */,
				53EE9BAE2E160BF1008F3041 /* CustomButtonBG.swift */,
			);
			path = Buttons;
			sourceTree = "<group>";
		};
		53BAE3FB2DF354B800862427 /* Modifiers */ = {
			isa = PBXGroup;
			children = (
				53EE9BAC2E15EC12008F3041 /* HideKeyboardOnTap.swift */,
				53EE9BAA2E15DE86008F3041 /* IfExtension.swift */,
				53B0E3872DFDE3E6009C29A9 /* StatBubbleStyle.swift */,
				53BAE40D2DF3588600862427 /* BubbleCapsuleStyle.swift */,
			);
			path = Modifiers;
			sourceTree = "<group>";
		};
		53BAE3FC2DF354F400862427 /* BusinessStatsSubViews */ = {
			isa = PBXGroup;
			children = (
				53BAE4022DF357D100862427 /* StatsSummaryView.swift */,
			);
			path = BusinessStatsSubViews;
			sourceTree = "<group>";
		};
		53BAE4042DF357F700862427 /* ExpenseSubViews */ = {
			isa = PBXGroup;
			children = (
				53BAE40F2DF358A700862427 /* ExpenseItemView.swift */,
				53BAE4212DF35A9B00862427 /* ExpenseRow.swift */,
			);
			path = ExpenseSubViews;
			sourceTree = "<group>";
		};
		53BAE4192DF3590E00862427 /* InvoiceSubViews */ = {
			isa = PBXGroup;
			children = (
				53BAE41C2DF3594500862427 /* InvoiceRow.swift */,
				53BAE41E2DF3595800862427 /* InvoiceSummaryView.swift */,
			);
			path = InvoiceSubViews;
			sourceTree = "<group>";
		};
		53BAE4232DF35AAC00862427 /* Components */ = {
			isa = PBXGroup;
			children = (
				53BAE4242DF35AEC00862427 /* Shared */,
				53BAE3FA2DF3547400862427 /* Buttons */,
			);
			path = Components;
			sourceTree = "<group>";
		};
		53BAE4242DF35AEC00862427 /* Shared */ = {
			isa = PBXGroup;
			children = (
				53D1A2932DCE60A200E7A675 /* ToolBarTitle.swift */,
				53B0E3852DFCA8E0009C29A9 /* ActiveUserSheet.swift */,
				53D1A2952DCE658800E7A675 /* CustomSectionView.swift */,
				53B0E3892DFDE47E009C29A9 /* CustomFormView.swift */,
				53BDAF902E183ACE0075C756 /* CustomMultiForm.swift */,
				53B8CB4D2E56D9FE00DC5701 /* LazyView.swift */,
			);
			path = Shared;
			sourceTree = "<group>";
		};
		53D1A2152DC7DC9200E7A675 = {
			isa = PBXGroup;
			children = (
				53D1A24B2DC7DCB900E7A675 /* BBApp */,
				53D1A2502DC7DCBE00E7A675 /* BBTests */,
				53D1A2542DC7DCC200E7A675 /* BBUITests */,
				53D1A21F2DC7DC9200E7A675 /* Products */,
			);
			sourceTree = "<group>";
		};
		53D1A21F2DC7DC9200E7A675 /* Products */ = {
			isa = PBXGroup;
			children = (
				53D1A21E2DC7DC9200E7A675 /* BasicBusiness.app */,
				53D1A22B2DC7DC9300E7A675 /* BasicBusinessTests.xctest */,
				53D1A2352DC7DC9300E7A675 /* BasicBusinessUITests.xctest */,
			);
			name = Products;
			sourceTree = "<group>";
		};
		53D1A24B2DC7DCB900E7A675 /* BBApp */ = {
			isa = PBXGroup;
			children = (
				53D1A24A2DC7DCB900E7A675 /* BasicBusinessApp.swift */,
				53D1A2582DC7DCE300E7A675 /* BBModels */,
				530215852DD78AB8007F9E0B /* BBViewModels */,
				53D1A2572DC7DCD000E7A675 /* BBViews */,
				53B448F42E41C3F9008BFA86 /* Interactors */,
				53D1A25B2DC7DDC900E7A675 /* BBStorage */,
				53D1A25A2DC7DDAE00E7A675 /* BBServices */,
				53D1A25C2DC7DDEB00E7A675 /* BBResources */,
				53D1A25D2DC7DE0100E7A675 /* BBExtensions */,
				53D1A25E2DC7DE1E00E7A675 /* BBUtils */,
			);
			path = BBApp;
			sourceTree = "<group>";
		};
		53D1A2502DC7DCBE00E7A675 /* BBTests */ = {
			isa = PBXGroup;
			children = (
				53D1A24F2DC7DCBE00E7A675 /* BasicBusinessTests.swift */,
			);
			path = BBTests;
			sourceTree = "<group>";
		};
		53D1A2542DC7DCC200E7A675 /* BBUITests */ = {
			isa = PBXGroup;
			children = (
				53D1A2522DC7DCC200E7A675 /* BasicBusinessUITests.swift */,
				53D1A2532DC7DCC200E7A675 /* BasicBusinessUITestsLaunchTests.swift */,
			);
			path = BBUITests;
			sourceTree = "<group>";
		};
		53D1A2572DC7DCD000E7A675 /* BBViews */ = {
			isa = PBXGroup;
			children = (
				53BAE3EC2DF3537900862427 /* Screens */,
				53BAE3F32DF353CD00862427 /* SubViews */,
			);
			path = BBViews;
			sourceTree = "<group>";
		};
		53D1A2582DC7DCE300E7A675 /* BBModels */ = {
			isa = PBXGroup;
			children = (
				53B0E37F2DFC97F4009C29A9 /* UserModel.swift */,
				53D1A2882DCABB7E00E7A675 /* CustomerModel.swift */,
				5302158F2DD7AEBB007F9E0B /* ExpenseModel.swift */,
				53E5A9E72DDC24C500B66821 /* MaterialModel.swift */,
				53BF84882DE3789F0042A983 /* InvoiceModel.swift */,
				53BF84862DE3746E0042A983 /* InventoryItemModel.swift */,
				53E5A9E92DDC60F500B66821 /* QuoteModels */,
			);
			path = BBModels;
			sourceTree = "<group>";
		};
		53D1A25A2DC7DDAE00E7A675 /* BBServices */ = {
			isa = PBXGroup;
			children = (
			);
			path = BBServices;
			sourceTree = "<group>";
		};
		53D1A25B2DC7DDC900E7A675 /* BBStorage */ = {
			isa = PBXGroup;
			children = (
				532EB8632E41FC5E008FE712 /* FileStorageManager.swift */,
				538A03CC2E1122200001FACC /* CustomerListStorageManaging.swift */,
			);
			path = BBStorage;
			sourceTree = "<group>";
		};
		53D1A25C2DC7DDEB00E7A675 /* BBResources */ = {
			isa = PBXGroup;
			children = (
				53D1A2482DC7DCB900E7A675 /* Assets.xcassets */,
				53D1A28C2DCABFEF00E7A675 /* ThemeColors.swift */,
			);
			path = BBResources;
			sourceTree = "<group>";
		};
		53D1A25D2DC7DE0100E7A675 /* BBExtensions */ = {
			isa = PBXGroup;
			children = (
				53B8CB4F2E59A92700DC5701 /* BindingExtension .swift */,
				5331553D2E60C8AC00E5F93B /* DateExtension.swift */,
			);
			path = BBExtensions;
			sourceTree = "<group>";
		};
		53D1A25E2DC7DE1E00E7A675 /* BBUtils */ = {
			isa = PBXGroup;
			children = (
			);
			path = BBUtils;
			sourceTree = "<group>";
		};
		53E5A9E92DDC60F500B66821 /* QuoteModels */ = {
			isa = PBXGroup;
			children = (
				530215972DD86F4E007F9E0B /* QuoteModel.swift */,
				53D7F2542DDEE17600579741 /* MaterialExpenseQM.swift */,
				53E5A9EA2DDC61AF00B66821 /* LandscapeQM.swift */,
				53E5A9EC2DDC61C500B66821 /* PressureWashQM.swift */,
				53E5A9F02DDC61E600B66821 /* ConsultingQM.swift */,
				53E5A9EE2DDC61DB00B66821 /* HandymanQM.swift */,
				53B0E3812DFC9A50009C29A9 /* UserVM.swift */,
				53D7F24C2DDE66FB00579741 /* HVACQM.swift */,
				53D7F24E2DDE758200579741 /* ProductSalesQM.swift */,
			);
			path = QuoteModels;
			sourceTree = "<group>";
		};
/* End PBXGroup section */

/* Begin PBXNativeTarget section */
		53D1A21D2DC7DC9200E7A675 /* BasicBusiness */ = {
			isa = PBXNativeTarget;
			buildConfigurationList = 53D1A23F2DC7DC9300E7A675 /* Build configuration list for PBXNativeTarget "BasicBusiness" */;
			buildPhases = (
				53D1A21A2DC7DC9200E7A675 /* Sources */,
				53D1A21B2DC7DC9200E7A675 /* Frameworks */,
				53D1A21C2DC7DC9200E7A675 /* Resources */,
			);
			buildRules = (
			);
			dependencies = (
			);
			name = BasicBusiness;
			packageProductDependencies = (
			);
			productName = LawnPro;
			productReference = 53D1A21E2DC7DC9200E7A675 /* BasicBusiness.app */;
			productType = "com.apple.product-type.application";
		};
		53D1A22A2DC7DC9300E7A675 /* BasicBusinessTests */ = {
			isa = PBXNativeTarget;
			buildConfigurationList = 53D1A2422DC7DC9300E7A675 /* Build configuration list for PBXNativeTarget "BasicBusinessTests" */;
			buildPhases = (
				53D1A2272DC7DC9300E7A675 /* Sources */,
				53D1A2282DC7DC9300E7A675 /* Frameworks */,
				53D1A2292DC7DC9300E7A675 /* Resources */,
			);
			buildRules = (
			);
			dependencies = (
				53D1A22D2DC7DC9300E7A675 /* PBXTargetDependency */,
			);
			name = BasicBusinessTests;
			packageProductDependencies = (
			);
			productName = LawnProTests;
			productReference = 53D1A22B2DC7DC9300E7A675 /* BasicBusinessTests.xctest */;
			productType = "com.apple.product-type.bundle.unit-test";
		};
		53D1A2342DC7DC9300E7A675 /* BasicBusinessUITests */ = {
			isa = PBXNativeTarget;
			buildConfigurationList = 53D1A2452DC7DC9300E7A675 /* Build configuration list for PBXNativeTarget "BasicBusinessUITests" */;
			buildPhases = (
				53D1A2312DC7DC9300E7A675 /* Sources */,
				53D1A2322DC7DC9300E7A675 /* Frameworks */,
				53D1A2332DC7DC9300E7A675 /* Resources */,
			);
			buildRules = (
			);
			dependencies = (
				53D1A2372DC7DC9300E7A675 /* PBXTargetDependency */,
			);
			name = BasicBusinessUITests;
			packageProductDependencies = (
			);
			productName = LawnProUITests;
			productReference = 53D1A2352DC7DC9300E7A675 /* BasicBusinessUITests.xctest */;
			productType = "com.apple.product-type.bundle.ui-testing";
		};
/* End PBXNativeTarget section */

/* Begin PBXProject section */
		53D1A2162DC7DC9200E7A675 /* Project object */ = {
			isa = PBXProject;
			attributes = {
				BuildIndependentTargetsInParallel = 1;
				LastSwiftUpdateCheck = 1630;
				LastUpgradeCheck = 2600;
				TargetAttributes = {
					53D1A21D2DC7DC9200E7A675 = {
						CreatedOnToolsVersion = 16.3;
					};
					53D1A22A2DC7DC9300E7A675 = {
						CreatedOnToolsVersion = 16.3;
						TestTargetID = 53D1A21D2DC7DC9200E7A675;
					};
					53D1A2342DC7DC9300E7A675 = {
						CreatedOnToolsVersion = 16.3;
						TestTargetID = 53D1A21D2DC7DC9200E7A675;
					};
				};
			};
			buildConfigurationList = 53D1A2192DC7DC9200E7A675 /* Build configuration list for PBXProject "BasicBusiness" */;
			developmentRegion = en;
			hasScannedForEncodings = 0;
			knownRegions = (
				en,
				Base,
			);
			mainGroup = 53D1A2152DC7DC9200E7A675;
			minimizedProjectReferenceProxies = 1;
			preferredProjectObjectVersion = 77;
			productRefGroup = 53D1A21F2DC7DC9200E7A675 /* Products */;
			projectDirPath = "";
			projectRoot = "";
			targets = (
				53D1A21D2DC7DC9200E7A675 /* BasicBusiness */,
				53D1A22A2DC7DC9300E7A675 /* BasicBusinessTests */,
				53D1A2342DC7DC9300E7A675 /* BasicBusinessUITests */,
			);
		};
/* End PBXProject section */

/* Begin PBXResourcesBuildPhase section */
		53D1A21C2DC7DC9200E7A675 /* Resources */ = {
			isa = PBXResourcesBuildPhase;
			buildActionMask = 2147483647;
			files = (
				53D1A24E2DC7DCB900E7A675 /* Assets.xcassets in Resources */,
			);
			runOnlyForDeploymentPostprocessing = 0;
		};
		53D1A2292DC7DC9300E7A675 /* Resources */ = {
			isa = PBXResourcesBuildPhase;
			buildActionMask = 2147483647;
			files = (
			);
			runOnlyForDeploymentPostprocessing = 0;
		};
		53D1A2332DC7DC9300E7A675 /* Resources */ = {
			isa = PBXResourcesBuildPhase;
			buildActionMask = 2147483647;
			files = (
			);
			runOnlyForDeploymentPostprocessing = 0;
		};
/* End PBXResourcesBuildPhase section */

/* Begin PBXSourcesBuildPhase section */
		53D1A21A2DC7DC9200E7A675 /* Sources */ = {
			isa = PBXSourcesBuildPhase;
			buildActionMask = 2147483647;
			files = (
				53E5A9ED2DDC61C500B66821 /* PressureWashQM.swift in Sources */,
				53D7F24F2DDE758200579741 /* ProductSalesQM.swift in Sources */,
				53D1A24D2DC7DCB900E7A675 /* BasicBusinessApp.swift in Sources */,
				53D1A28D2DCABFEF00E7A675 /* ThemeColors.swift in Sources */,
				53B0E3862DFCA8E0009C29A9 /* ActiveUserSheet.swift in Sources */,
				53E5A9E82DDC24C500B66821 /* MaterialModel.swift in Sources */,
				53B8CB4E2E56D9FE00DC5701 /* LazyView.swift in Sources */,
				53BAE40E2DF3588600862427 /* BubbleCapsuleStyle.swift in Sources */,
				53B0E3842DFC9D50009C29A9 /* UserView.swift in Sources */,
				53BAE4222DF35A9B00862427 /* ExpenseRow.swift in Sources */,
				53BAE3F22DF353C400862427 /* ExpenseView.swift in Sources */,
				530215872DD78B60007F9E0B /* CustomerListVM.swift in Sources */,
				53BAE3FF2DF3554000862427 /* QuoteView.swift in Sources */,
				53BAE4162DF358DE00862427 /* MaterialListView.swift in Sources */,
				53D7F24D2DDE66FB00579741 /* HVACQM.swift in Sources */,
				53D1A2942DCE60A200E7A675 /* ToolBarTitle.swift in Sources */,
				53BAE4142DF358CA00862427 /* QuoteFinalizeView.swift in Sources */,
				53B0E3882DFDE3E6009C29A9 /* StatBubbleStyle.swift in Sources */,
				53EE9BAF2E160BF1008F3041 /* CustomButtonBG.swift in Sources */,
				53B8CB4C2E56AEE500DC5701 /* SaveError.swift in Sources */,
				53B448F62E41C43D008BFA86 /* SaveCustomer.swift in Sources */,
				53BF84892DE3789F0042A983 /* InvoiceModel.swift in Sources */,
				538A03CD2E1122200001FACC /* CustomerListStorageManaging.swift in Sources */,
				538A03CB2E0F06B60001FACC /* ConsultingQV.swift in Sources */,
				5302158B2DD78BC6007F9E0B /* BusinessStatsVM .swift in Sources */,
				53EE9BAB2E15DE86008F3041 /* IfExtension.swift in Sources */,
				53BAE3F02DF353B700862427 /* CustomerListView.swift in Sources */,
				53B0E37E2DFC1CD5009C29A9 /* StatButtonView.swift in Sources */,
				53D7F2512DDEB66D00579741 /* MaterialVM.swift in Sources */,
				538A03C62E0F04960001FACC /* LandscapeQV.swift in Sources */,
				538A03C82E0F04C40001FACC /* PressureWashQV.swift in Sources */,
				530215922DD7AF83007F9E0B /* ExpenseVM.swift in Sources */,
				53EE9BB12E161A9C008F3041 /* StatButtonBG.swift in Sources */,
				532EB8642E41FC5E008FE712 /* FileStorageManager.swift in Sources */,
				53BAE4082DF3582500862427 /* CustomerDetailView.swift in Sources */,
				53BDAF912E183ACE0075C756 /* CustomMultiForm.swift in Sources */,
				53BF84872DE3746E0042A983 /* InventoryItemModel.swift in Sources */,
				53FA99222DE8CCC700EBA5C8 /* ProductSalesVM.swift in Sources */,
				53E5A9EF2DDC61DB00B66821 /* HandymanQM.swift in Sources */,
				53BAE4012DF356DF00862427 /* MainTabView.swift in Sources */,
				53B0E3822DFC9A50009C29A9 /* UserVM.swift in Sources */,
				5331553E2E60C8AC00E5F93B /* DateExtension.swift in Sources */,
				530215902DD7AEBB007F9E0B /* ExpenseModel.swift in Sources */,
				538A03CF2E1196B20001FACC /* AddCustomerView.swift in Sources */,
				53BAE3EE2DF353A300862427 /* BusinessStatsView.swift in Sources */,
				53B0E38A2DFDE47E009C29A9 /* CustomFormView.swift in Sources */,
				53D1A2962DCE658800E7A675 /* CustomSectionView.swift in Sources */,
				53D1A2892DCABB7E00E7A675 /* CustomerModel.swift in Sources */,
				53BAE41F2DF3595800862427 /* InvoiceSummaryView.swift in Sources */,
				53E5A9F12DDC61E600B66821 /* ConsultingQM.swift in Sources */,
				53B0E37C2DFA615A009C29A9 /* CustomerFormVM.swift in Sources */,
				53BAE4102DF358A700862427 /* ExpenseItemView.swift in Sources */,
				53BAE41D2DF3594500862427 /* InvoiceRow.swift in Sources */,
				53BAE4062DF3581900862427 /* CustomerSelector.swift in Sources */,
				53D7F2552DDEE17600579741 /* MaterialExpenseQM.swift in Sources */,
				53318F9A2DFA082C0046B0F0 /* InvoiceVM.swift in Sources */,
				53B8CB502E59A92700DC5701 /* BindingExtension .swift in Sources */,
				530215982DD86F4E007F9E0B /* QuoteModel.swift in Sources */,
				53E5A9EB2DDC61AF00B66821 /* LandscapeQM.swift in Sources */,
				53BAE4182DF358EE00862427 /* SaveButton.swift in Sources */,
				532F96992DD9098A000EEAFF /* QuoteVM.swift in Sources */,
				53EE9BAD2E15EC12008F3041 /* HideKeyboardOnTap.swift in Sources */,
				53B0E3802DFC97F4009C29A9 /* UserModel.swift in Sources */,
				53BAE4032DF357D100862427 /* StatsSummaryView.swift in Sources */,
			);
			runOnlyForDeploymentPostprocessing = 0;
		};
		53D1A2272DC7DC9300E7A675 /* Sources */ = {
			isa = PBXSourcesBuildPhase;
			buildActionMask = 2147483647;
			files = (
				53D1A2512DC7DCBE00E7A675 /* BasicBusinessTests.swift in Sources */,
			);
			runOnlyForDeploymentPostprocessing = 0;
		};
		53D1A2312DC7DC9300E7A675 /* Sources */ = {
			isa = PBXSourcesBuildPhase;
			buildActionMask = 2147483647;
			files = (
				53D1A2552DC7DCC200E7A675 /* BasicBusinessUITests.swift in Sources */,
				53D1A2562DC7DCC200E7A675 /* BasicBusinessUITestsLaunchTests.swift in Sources */,
			);
			runOnlyForDeploymentPostprocessing = 0;
		};
/* End PBXSourcesBuildPhase section */

/* Begin PBXTargetDependency section */
		53D1A22D2DC7DC9300E7A675 /* PBXTargetDependency */ = {
			isa = PBXTargetDependency;
			target = 53D1A21D2DC7DC9200E7A675 /* BasicBusiness */;
			targetProxy = 53D1A22C2DC7DC9300E7A675 /* PBXContainerItemProxy */;
		};
		53D1A2372DC7DC9300E7A675 /* PBXTargetDependency */ = {
			isa = PBXTargetDependency;
			target = 53D1A21D2DC7DC9200E7A675 /* BasicBusiness */;
			targetProxy = 53D1A2362DC7DC9300E7A675 /* PBXContainerItemProxy */;
		};
/* End PBXTargetDependency section */

/* Begin XCBuildConfiguration section */
		53D1A23D2DC7DC9300E7A675 /* Debug */ = {
			isa = XCBuildConfiguration;
			buildSettings = {
				ALWAYS_SEARCH_USER_PATHS = NO;
				ASSETCATALOG_COMPILER_GENERATE_SWIFT_ASSET_SYMBOL_EXTENSIONS = YES;
				CLANG_ANALYZER_NONNULL = YES;
				CLANG_ANALYZER_NUMBER_OBJECT_CONVERSION = YES_AGGRESSIVE;
				CLANG_CXX_LANGUAGE_STANDARD = "gnu++20";
				CLANG_ENABLE_MODULES = YES;
				CLANG_ENABLE_OBJC_ARC = YES;
				CLANG_ENABLE_OBJC_WEAK = YES;
				CLANG_WARN_BLOCK_CAPTURE_AUTORELEASING = YES;
				CLANG_WARN_BOOL_CONVERSION = YES;
				CLANG_WARN_COMMA = YES;
				CLANG_WARN_CONSTANT_CONVERSION = YES;
				CLANG_WARN_DEPRECATED_OBJC_IMPLEMENTATIONS = YES;
				CLANG_WARN_DIRECT_OBJC_ISA_USAGE = YES_ERROR;
				CLANG_WARN_DOCUMENTATION_COMMENTS = YES;
				CLANG_WARN_EMPTY_BODY = YES;
				CLANG_WARN_ENUM_CONVERSION = YES;
				CLANG_WARN_INFINITE_RECURSION = YES;
				CLANG_WARN_INT_CONVERSION = YES;
				CLANG_WARN_NON_LITERAL_NULL_CONVERSION = YES;
				CLANG_WARN_OBJC_IMPLICIT_RETAIN_SELF = YES;
				CLANG_WARN_OBJC_LITERAL_CONVERSION = YES;
				CLANG_WARN_OBJC_ROOT_CLASS = YES_ERROR;
				CLANG_WARN_QUOTED_INCLUDE_IN_FRAMEWORK_HEADER = YES;
				CLANG_WARN_RANGE_LOOP_ANALYSIS = YES;
				CLANG_WARN_STRICT_PROTOTYPES = YES;
				CLANG_WARN_SUSPICIOUS_MOVE = YES;
				CLANG_WARN_UNGUARDED_AVAILABILITY = YES_AGGRESSIVE;
				CLANG_WARN_UNREACHABLE_CODE = YES;
				CLANG_WARN__DUPLICATE_METHOD_MATCH = YES;
				COPY_PHASE_STRIP = NO;
				DEBUG_INFORMATION_FORMAT = dwarf;
				DEVELOPMENT_TEAM = B9QLNQS5QW;
				ENABLE_STRICT_OBJC_MSGSEND = YES;
				ENABLE_TESTABILITY = YES;
				ENABLE_USER_SCRIPT_SANDBOXING = YES;
				GCC_C_LANGUAGE_STANDARD = gnu17;
				GCC_DYNAMIC_NO_PIC = NO;
				GCC_NO_COMMON_BLOCKS = YES;
				GCC_OPTIMIZATION_LEVEL = 0;
				GCC_PREPROCESSOR_DEFINITIONS = (
					"DEBUG=1",
					"$(inherited)",
				);
				GCC_WARN_64_TO_32_BIT_CONVERSION = YES;
				GCC_WARN_ABOUT_RETURN_TYPE = YES_ERROR;
				GCC_WARN_UNDECLARED_SELECTOR = YES;
				GCC_WARN_UNINITIALIZED_AUTOS = YES_AGGRESSIVE;
				GCC_WARN_UNUSED_FUNCTION = YES;
				GCC_WARN_UNUSED_VARIABLE = YES;
				IPHONEOS_DEPLOYMENT_TARGET = 18.4;
				LOCALIZATION_PREFERS_STRING_CATALOGS = YES;
				MTL_ENABLE_DEBUG_INFO = INCLUDE_SOURCE;
				MTL_FAST_MATH = YES;
				ONLY_ACTIVE_ARCH = YES;
				SDKROOT = iphoneos;
				STRING_CATALOG_GENERATE_SYMBOLS = YES;
				SWIFT_ACTIVE_COMPILATION_CONDITIONS = "DEBUG $(inherited)";
				SWIFT_OPTIMIZATION_LEVEL = "-Onone";
			};
			name = Debug;
		};
		53D1A23E2DC7DC9300E7A675 /* Release */ = {
			isa = XCBuildConfiguration;
			buildSettings = {
				ALWAYS_SEARCH_USER_PATHS = NO;
				ASSETCATALOG_COMPILER_GENERATE_SWIFT_ASSET_SYMBOL_EXTENSIONS = YES;
				CLANG_ANALYZER_NONNULL = YES;
				CLANG_ANALYZER_NUMBER_OBJECT_CONVERSION = YES_AGGRESSIVE;
				CLANG_CXX_LANGUAGE_STANDARD = "gnu++20";
				CLANG_ENABLE_MODULES = YES;
				CLANG_ENABLE_OBJC_ARC = YES;
				CLANG_ENABLE_OBJC_WEAK = YES;
				CLANG_WARN_BLOCK_CAPTURE_AUTORELEASING = YES;
				CLANG_WARN_BOOL_CONVERSION = YES;
				CLANG_WARN_COMMA = YES;
				CLANG_WARN_CONSTANT_CONVERSION = YES;
				CLANG_WARN_DEPRECATED_OBJC_IMPLEMENTATIONS = YES;
				CLANG_WARN_DIRECT_OBJC_ISA_USAGE = YES_ERROR;
				CLANG_WARN_DOCUMENTATION_COMMENTS = YES;
				CLANG_WARN_EMPTY_BODY = YES;
				CLANG_WARN_ENUM_CONVERSION = YES;
				CLANG_WARN_INFINITE_RECURSION = YES;
				CLANG_WARN_INT_CONVERSION = YES;
				CLANG_WARN_NON_LITERAL_NULL_CONVERSION = YES;
				CLANG_WARN_OBJC_IMPLICIT_RETAIN_SELF = YES;
				CLANG_WARN_OBJC_LITERAL_CONVERSION = YES;
				CLANG_WARN_OBJC_ROOT_CLASS = YES_ERROR;
				CLANG_WARN_QUOTED_INCLUDE_IN_FRAMEWORK_HEADER = YES;
				CLANG_WARN_RANGE_LOOP_ANALYSIS = YES;
				CLANG_WARN_STRICT_PROTOTYPES = YES;
				CLANG_WARN_SUSPICIOUS_MOVE = YES;
				CLANG_WARN_UNGUARDED_AVAILABILITY = YES_AGGRESSIVE;
				CLANG_WARN_UNREACHABLE_CODE = YES;
				CLANG_WARN__DUPLICATE_METHOD_MATCH = YES;
				COPY_PHASE_STRIP = NO;
				DEBUG_INFORMATION_FORMAT = "dwarf-with-dsym";
				DEVELOPMENT_TEAM = B9QLNQS5QW;
				ENABLE_NS_ASSERTIONS = NO;
				ENABLE_STRICT_OBJC_MSGSEND = YES;
				ENABLE_USER_SCRIPT_SANDBOXING = YES;
				GCC_C_LANGUAGE_STANDARD = gnu17;
				GCC_NO_COMMON_BLOCKS = YES;
				GCC_WARN_64_TO_32_BIT_CONVERSION = YES;
				GCC_WARN_ABOUT_RETURN_TYPE = YES_ERROR;
				GCC_WARN_UNDECLARED_SELECTOR = YES;
				GCC_WARN_UNINITIALIZED_AUTOS = YES_AGGRESSIVE;
				GCC_WARN_UNUSED_FUNCTION = YES;
				GCC_WARN_UNUSED_VARIABLE = YES;
				IPHONEOS_DEPLOYMENT_TARGET = 18.4;
				LOCALIZATION_PREFERS_STRING_CATALOGS = YES;
				MTL_ENABLE_DEBUG_INFO = NO;
				MTL_FAST_MATH = YES;
				SDKROOT = iphoneos;
				STRING_CATALOG_GENERATE_SYMBOLS = YES;
				SWIFT_COMPILATION_MODE = wholemodule;
				VALIDATE_PRODUCT = YES;
			};
			name = Release;
		};
		53D1A2402DC7DC9300E7A675 /* Debug */ = {
			isa = XCBuildConfiguration;
			buildSettings = {
				ASSETCATALOG_COMPILER_APPICON_NAME = AppIcon;
				ASSETCATALOG_COMPILER_GLOBAL_ACCENT_COLOR_NAME = AccentColor;
				CODE_SIGN_STYLE = Automatic;
				CURRENT_PROJECT_VERSION = 1;
				DEVELOPMENT_TEAM = B9QLNQS5QW;
				ENABLE_PREVIEWS = YES;
				GENERATE_INFOPLIST_FILE = YES;
				INFOPLIST_KEY_CFBundleDisplayName = "Basic Business";
				INFOPLIST_KEY_UIApplicationSceneManifest_Generation = YES;
				INFOPLIST_KEY_UIApplicationSupportsIndirectInputEvents = YES;
				INFOPLIST_KEY_UILaunchScreen_Generation = YES;
				INFOPLIST_KEY_UISupportedInterfaceOrientations_iPad = "UIInterfaceOrientationPortrait UIInterfaceOrientationPortraitUpsideDown UIInterfaceOrientationLandscapeLeft UIInterfaceOrientationLandscapeRight";
				INFOPLIST_KEY_UISupportedInterfaceOrientations_iPhone = "UIInterfaceOrientationPortrait UIInterfaceOrientationLandscapeLeft UIInterfaceOrientationLandscapeRight";
				LD_RUNPATH_SEARCH_PATHS = (
					"$(inherited)",
					"@executable_path/Frameworks",
				);
				MARKETING_VERSION = 1.0;
				PRODUCT_BUNDLE_IDENTIFIER = Swaycodes.LawnPro;
				PRODUCT_NAME = "$(TARGET_NAME)";
				SWIFT_EMIT_LOC_STRINGS = YES;
				SWIFT_VERSION = 5.0;
				TARGETED_DEVICE_FAMILY = "1,2";
			};
			name = Debug;
		};
		53D1A2412DC7DC9300E7A675 /* Release */ = {
			isa = XCBuildConfiguration;
			buildSettings = {
				ASSETCATALOG_COMPILER_APPICON_NAME = AppIcon;
				ASSETCATALOG_COMPILER_GLOBAL_ACCENT_COLOR_NAME = AccentColor;
				CODE_SIGN_STYLE = Automatic;
				CURRENT_PROJECT_VERSION = 1;
				DEVELOPMENT_TEAM = B9QLNQS5QW;
				ENABLE_PREVIEWS = YES;
				GENERATE_INFOPLIST_FILE = YES;
				INFOPLIST_KEY_CFBundleDisplayName = "Basic Business";
				INFOPLIST_KEY_UIApplicationSceneManifest_Generation = YES;
				INFOPLIST_KEY_UIApplicationSupportsIndirectInputEvents = YES;
				INFOPLIST_KEY_UILaunchScreen_Generation = YES;
				INFOPLIST_KEY_UISupportedInterfaceOrientations_iPad = "UIInterfaceOrientationPortrait UIInterfaceOrientationPortraitUpsideDown UIInterfaceOrientationLandscapeLeft UIInterfaceOrientationLandscapeRight";
				INFOPLIST_KEY_UISupportedInterfaceOrientations_iPhone = "UIInterfaceOrientationPortrait UIInterfaceOrientationLandscapeLeft UIInterfaceOrientationLandscapeRight";
				LD_RUNPATH_SEARCH_PATHS = (
					"$(inherited)",
					"@executable_path/Frameworks",
				);
				MARKETING_VERSION = 1.0;
				PRODUCT_BUNDLE_IDENTIFIER = Swaycodes.LawnPro;
				PRODUCT_NAME = "$(TARGET_NAME)";
				SWIFT_EMIT_LOC_STRINGS = YES;
				SWIFT_VERSION = 5.0;
				TARGETED_DEVICE_FAMILY = "1,2";
			};
			name = Release;
		};
		53D1A2432DC7DC9300E7A675 /* Debug */ = {
			isa = XCBuildConfiguration;
			buildSettings = {
				BUNDLE_LOADER = "$(TEST_HOST)";
				CODE_SIGN_STYLE = Automatic;
				CURRENT_PROJECT_VERSION = 1;
				DEVELOPMENT_TEAM = B9QLNQS5QW;
				GENERATE_INFOPLIST_FILE = YES;
				IPHONEOS_DEPLOYMENT_TARGET = 18.4;
				MARKETING_VERSION = 1.0;
				PRODUCT_BUNDLE_IDENTIFIER = Swaycodes.LawnProTests;
				PRODUCT_NAME = "$(TARGET_NAME)";
				SWIFT_EMIT_LOC_STRINGS = NO;
				SWIFT_VERSION = 5.0;
				TARGETED_DEVICE_FAMILY = "1,2";
				TEST_HOST = "$(BUILT_PRODUCTS_DIR)/BasicBusiness.app/$(BUNDLE_EXECUTABLE_FOLDER_PATH)/BasicBusiness";
			};
			name = Debug;
		};
		53D1A2442DC7DC9300E7A675 /* Release */ = {
			isa = XCBuildConfiguration;
			buildSettings = {
				BUNDLE_LOADER = "$(TEST_HOST)";
				CODE_SIGN_STYLE = Automatic;
				CURRENT_PROJECT_VERSION = 1;
				DEVELOPMENT_TEAM = B9QLNQS5QW;
				GENERATE_INFOPLIST_FILE = YES;
				IPHONEOS_DEPLOYMENT_TARGET = 18.4;
				MARKETING_VERSION = 1.0;
				PRODUCT_BUNDLE_IDENTIFIER = Swaycodes.LawnProTests;
				PRODUCT_NAME = "$(TARGET_NAME)";
				SWIFT_EMIT_LOC_STRINGS = NO;
				SWIFT_VERSION = 5.0;
				TARGETED_DEVICE_FAMILY = "1,2";
				TEST_HOST = "$(BUILT_PRODUCTS_DIR)/BasicBusiness.app/$(BUNDLE_EXECUTABLE_FOLDER_PATH)/BasicBusiness";
			};
			name = Release;
		};
		53D1A2462DC7DC9300E7A675 /* Debug */ = {
			isa = XCBuildConfiguration;
			buildSettings = {
				CODE_SIGN_STYLE = Automatic;
				CURRENT_PROJECT_VERSION = 1;
				DEVELOPMENT_TEAM = B9QLNQS5QW;
				GENERATE_INFOPLIST_FILE = YES;
				MARKETING_VERSION = 1.0;
				PRODUCT_BUNDLE_IDENTIFIER = Swaycodes.BasicBusinessUITests;
				PRODUCT_NAME = "$(TARGET_NAME)";
				SWIFT_EMIT_LOC_STRINGS = NO;
				SWIFT_VERSION = 5.0;
				TARGETED_DEVICE_FAMILY = "1,2";
				TEST_TARGET_NAME = LawnPro;
			};
			name = Debug;
		};
		53D1A2472DC7DC9300E7A675 /* Release */ = {
			isa = XCBuildConfiguration;
			buildSettings = {
				CODE_SIGN_STYLE = Automatic;
				CURRENT_PROJECT_VERSION = 1;
				DEVELOPMENT_TEAM = B9QLNQS5QW;
				GENERATE_INFOPLIST_FILE = YES;
				MARKETING_VERSION = 1.0;
				PRODUCT_BUNDLE_IDENTIFIER = Swaycodes.BasicBusinessUITests;
				PRODUCT_NAME = "$(TARGET_NAME)";
				SWIFT_EMIT_LOC_STRINGS = NO;
				SWIFT_VERSION = 5.0;
				TARGETED_DEVICE_FAMILY = "1,2";
				TEST_TARGET_NAME = LawnPro;
			};
			name = Release;
		};
/* End XCBuildConfiguration section */

/* Begin XCConfigurationList section */
		53D1A2192DC7DC9200E7A675 /* Build configuration list for PBXProject "BasicBusiness" */ = {
			isa = XCConfigurationList;
			buildConfigurations = (
				53D1A23D2DC7DC9300E7A675 /* Debug */,
				53D1A23E2DC7DC9300E7A675 /* Release */,
			);
			defaultConfigurationIsVisible = 0;
			defaultConfigurationName = Release;
		};
		53D1A23F2DC7DC9300E7A675 /* Build configuration list for PBXNativeTarget "BasicBusiness" */ = {
			isa = XCConfigurationList;
			buildConfigurations = (
				53D1A2402DC7DC9300E7A675 /* Debug */,
				53D1A2412DC7DC9300E7A675 /* Release */,
			);
			defaultConfigurationIsVisible = 0;
			defaultConfigurationName = Release;
		};
		53D1A2422DC7DC9300E7A675 /* Build configuration list for PBXNativeTarget "BasicBusinessTests" */ = {
			isa = XCConfigurationList;
			buildConfigurations = (
				53D1A2432DC7DC9300E7A675 /* Debug */,
				53D1A2442DC7DC9300E7A675 /* Release */,
			);
			defaultConfigurationIsVisible = 0;
			defaultConfigurationName = Release;
		};
		53D1A2452DC7DC9300E7A675 /* Build configuration list for PBXNativeTarget "BasicBusinessUITests" */ = {
			isa = XCConfigurationList;
			buildConfigurations = (
				53D1A2462DC7DC9300E7A675 /* Debug */,
				53D1A2472DC7DC9300E7A675 /* Release */,
			);
			defaultConfigurationIsVisible = 0;
			defaultConfigurationName = Release;
		};
/* End XCConfigurationList section */
	};
	rootObject = 53D1A2162DC7DC9200E7A675 /* Project object */;
}
